# This file is automatically @generated by Cargo.
# It is not intended for manual editing.
version = 3

[[package]]
name = "inator"
version = "0.1.0"
dependencies = [
 "inator-automata",
 "inator-macros",
]

[[package]]
name = "inator-automata"
version = "0.1.0"

[[package]]
name = "inator-macros"
version = "0.1.0"
dependencies = [
 "inator-automata",
 "proc-macro2",
 "syn",
]

[[package]]
name = "proc-macro2"
version = "1.0.67"
source = "registry+https://github.com/rust-lang/crates.io-index"
checksum = "3d433d9f1a3e8c1263d9456598b16fec66f4acc9a74dacffd35c7bb09b3a1328"
dependencies = [
 "unicode-ident",
]

[[package]]
name = "quote"
version = "1.0.33"
source = "registry+https://github.com/rust-lang/crates.io-index"
checksum = "5267fca4496028628a95160fc423a33e8b2e6af8a5302579e322e4b520293cae"
dependencies = [
 "proc-macro2",
]

[[package]]
name = "syn"
version = "2.0.34"
source = "registry+https://github.com/rust-lang/crates.io-index"
checksum = "88ec6cdb6a4c16306eccf52ccd8d492e4ab64705a15a5016acb205251001bf72"
dependencies = [
 "proc-macro2",
 "quote",
 "unicode-ident",
]

[[package]]
name = "unicode-ident"
version = "1.0.12"
source = "registry+https://github.com/rust-lang/crates.io-index"
checksum = "3354b9ac3fae1ff6755cb6db53683adb661634f67557942dea4facebec0fee4b"
